
Microsoft Visual Studio Solution File, Format Version 12.00
# Visual Studio Version 16
VisualStudioVersion = 16.0.31624.102
MinimumVisualStudioVersion = 10.0.40219.1
Project("{888888A0-9F3D-457C-B088-3A5042F75D52}") = "tic_tac_toe", "tic_tac_toe.pyproj", "{AA0FF676-8EF9-43EC-A483-303BE2F77E17}"
EndProject
Global
	GlobalSection(SolutionConfigurationPlatforms) = preSolution
		Debug|Any CPU = Debug|Any CPU
		Release|Any CPU = Release|Any CPU
	EndGlobalSection
	GlobalSection(ProjectConfigurationPlatforms) = postSolution
		{AA0FF676-8EF9-43EC-A483-303BE2F77E17}.Debug|Any CPU.ActiveCfg = Debug|Any CPU
		{AA0FF676-8EF9-43EC-A483-303BE2F77E17}.Release|Any CPU.ActiveCfg = Release|Any CPU
	EndGlobalSection
	GlobalSection(SolutionProperties) = preSolution
		HideSolutionNode = FALSE
	EndGlobalSection
	GlobalSection(ExtensibilityGlobals) = postSolution
		SolutionGuid = {4F98802B-A9A8-4D65-8B10-AA5EF5BCC026}
	EndGlobalSection
EndGlobal
